
Microsoft Visual Studio Solution File, Format Version 12.00
# Visual Studio Version 16
VisualStudioVersion = 16.0.31105.61
MinimumVisualStudioVersion = 10.0.40219.1
Project("{9A19103F-16F7-4668-BE54-9A1E7A4F7556}") = "LugaresApi", "LugaresApi\LugaresApi.csproj", "{E08855A7-A861-4CD2-A372-1977F4E8F417}"
EndProject
Project("{9A19103F-16F7-4668-BE54-9A1E7A4F7556}") = "BlazorServidor.Web", "BlazorServidor.Web\BlazorServidor.Web.csproj", "{3B966306-D3F5-43A5-8937-0E999308D178}"
EndProject
Project("{FAE04EC0-301F-11D3-BF4B-00C04F79EFBC}") = "BlazorWasm.PWA", "BlazorWasm.PWA\BlazorWasm.PWA.csproj", "{7CFE3A9A-382D-4844-9F8B-56AA72BF98D9}"
EndProject
Global
	GlobalSection(SolutionConfigurationPlatforms) = preSolution
		Debug|Any CPU = Debug|Any CPU
		Release|Any CPU = Release|Any CPU
	EndGlobalSection
	GlobalSection(ProjectConfigurationPlatforms) = postSolution
		{E08855A7-A861-4CD2-A372-1977F4E8F417}.Debug|Any CPU.ActiveCfg = Debug|Any CPU
		{E08855A7-A861-4CD2-A372-1977F4E8F417}.Debug|Any CPU.Build.0 = Debug|Any CPU
		{E08855A7-A861-4CD2-A372-1977F4E8F417}.Release|Any CPU.ActiveCfg = Release|Any CPU
		{E08855A7-A861-4CD2-A372-1977F4E8F417}.Release|Any CPU.Build.0 = Release|Any CPU
		{3B966306-D3F5-43A5-8937-0E999308D178}.Debug|Any CPU.ActiveCfg = Debug|Any CPU
		{3B966306-D3F5-43A5-8937-0E999308D178}.Debug|Any CPU.Build.0 = Debug|Any CPU
		{3B966306-D3F5-43A5-8937-0E999308D178}.Release|Any CPU.ActiveCfg = Release|Any CPU
		{3B966306-D3F5-43A5-8937-0E999308D178}.Release|Any CPU.Build.0 = Release|Any CPU
		{7CFE3A9A-382D-4844-9F8B-56AA72BF98D9}.Debug|Any CPU.ActiveCfg = Debug|Any CPU
		{7CFE3A9A-382D-4844-9F8B-56AA72BF98D9}.Debug|Any CPU.Build.0 = Debug|Any CPU
		{7CFE3A9A-382D-4844-9F8B-56AA72BF98D9}.Release|Any CPU.ActiveCfg = Release|Any CPU
		{7CFE3A9A-382D-4844-9F8B-56AA72BF98D9}.Release|Any CPU.Build.0 = Release|Any CPU
	EndGlobalSection
	GlobalSection(SolutionProperties) = preSolution
		HideSolutionNode = FALSE
	EndGlobalSection
	GlobalSection(ExtensibilityGlobals) = postSolution
		SolutionGuid = {BCBB8E04-4169-49DD-84F6-E05D17C4DD95}
	EndGlobalSection
EndGlobal
